
Microsoft Visual Studio Solution File, Format Version 12.00
# Visual Studio Version 17
VisualStudioVersion = 17.4.33205.214
MinimumVisualStudioVersion = 10.0.40219.1
Project("{FAE04EC0-301F-11D3-BF4B-00C04F79EFBC}") = "test drivo", "test drivo.csproj", "{FE63F5D4-CD7C-418F-AA85-BEC4D7F79F0B}"
EndProject
Global
	GlobalSection(SolutionConfigurationPlatforms) = preSolution
		Debug|Any CPU = Debug|Any CPU
		Release|Any CPU = Release|Any CPU
	EndGlobalSection
	GlobalSection(ProjectConfigurationPlatforms) = postSolution
		{FE63F5D4-CD7C-418F-AA85-BEC4D7F79F0B}.Debug|Any CPU.ActiveCfg = Debug|Any CPU
		{FE63F5D4-CD7C-418F-AA85-BEC4D7F79F0B}.Debug|Any CPU.Build.0 = Debug|Any CPU
		{FE63F5D4-CD7C-418F-AA85-BEC4D7F79F0B}.Release|Any CPU.ActiveCfg = Release|Any CPU
		{FE63F5D4-CD7C-418F-AA85-BEC4D7F79F0B}.Release|Any CPU.Build.0 = Release|Any CPU
	EndGlobalSection
	GlobalSection(SolutionProperties) = preSolution
		HideSolutionNode = FALSE
	EndGlobalSection
	GlobalSection(ExtensibilityGlobals) = postSolution
		SolutionGuid = {ACF5BC4E-D7CD-4201-A1E1-E2444F245A7C}
	EndGlobalSection
EndGlobal
